Microsoft Visual Studio Solution File, Format Version 12.00
# Visual Studio Version 17
VisualStudioVersion = 17.5.2.0
MinimumVisualStudioVersion = 10.0.40219.1
Project("{FAE04EC0-301F-11D3-BF4B-00C04F79EFBC}") = "CamQuizzBE", "CamQuizzBE.csproj", "{5F7FEC85-8497-3ADC-F428-D850B0B021D1}"
EndProject
Global
	GlobalSection(SolutionConfigurationPlatforms) = preSolution
		Debug|Any CPU = Debug|Any CPU
		Release|Any CPU = Release|Any CPU
	EndGlobalSection
	GlobalSection(ProjectConfigurationPlatforms) = postSolution
		{5F7FEC85-8497-3ADC-F428-D850B0B021D1}.Debug|Any CPU.ActiveCfg = Debug|Any CPU
		{5F7FEC85-8497-3ADC-F428-D850B0B021D1}.Debug|Any CPU.Build.0 = Debug|Any CPU
		{5F7FEC85-8497-3ADC-F428-D850B0B021D1}.Release|Any CPU.ActiveCfg = Release|Any CPU
		{5F7FEC85-8497-3ADC-F428-D850B0B021D1}.Release|Any CPU.Build.0 = Release|Any CPU
	EndGlobalSection
	GlobalSection(SolutionProperties) = preSolution
		HideSolutionNode = FALSE
	EndGlobalSection
	GlobalSection(ExtensibilityGlobals) = postSolution
		SolutionGuid = {CE319306-44C8-438A-905F-AE67E3CEA447}
	EndGlobalSection
EndGlobal
